{
  "nodes": {
    "nixpkgs": {
      "locked": {
        "lastModified": 1788187754,
        "narHash": "sha256-v5c4scCRMmrQEh3UDsKtnI9JTehKl0hTSYDMxe2G14k=",
        "rev": "5dfba6236110080a54247d6460bc2ff5dda939cc",
        "type": "tarball",
        "url": "https://releases.nixos.org/nixos/26.05/nixos-26.05.8772.5dfba6236110/nixexprs.tar.xz"
      },
      "original": {
        "type": "tarball",
        "url": "https://channels.nixos.org/nixos-26.05/nixexprs.tar.xz"
      }
    },
    "nixpkgs-unstable": {
      "locked": {
        "lastModified": 1788179007,
        "narHash": "sha256-maQBa7XmWJ+a6te4QwF++R1FIXUrjvki0AtGOOhyZn0=",
        "rev": "34ab99075ac4f7e40cf037eef32cb1c360bb85e9",
        "type": "tarball",
        "url": "https://releases.nixos.org/nixos/unstable/nixos-26.11pre1064949.34ab99075ac4/nixexprs.tar.xz"
      },
      "original": {
        "type": "tarball",
        "url": "https://channels.nixos.org/nixos-unstable/nixexprs.tar.xz"
      }
    },
    "root": {
      "inputs": {
        "nixpkgs": "nixpkgs",
        "nixpkgs-unstable": "nixpkgs-unstable"
      }
    }
  },
  "root": "root",
  "version": 7
}
